
Microsoft Visual Studio Solution File, Format Version 12.00
# Visual Studio Version 17
VisualStudioVersion = 17.6.33801.468
MinimumVisualStudioVersion = 10.0.40219.1
Project("{FAE04EC0-301F-11D3-BF4B-00C04F79EFBC}") = "Brewery-SCADA-System", "Brewery-SCADA-System.csproj", "{C914BE10-13CF-4889-8B9F-D3268989CB01}"
EndProject
Global
	GlobalSection(SolutionConfigurationPlatforms) = preSolution
		Debug|Any CPU = Debug|Any CPU
		Release|Any CPU = Release|Any CPU
	EndGlobalSection
	GlobalSection(ProjectConfigurationPlatforms) = postSolution
		{C914BE10-13CF-4889-8B9F-D3268989CB01}.Debug|Any CPU.ActiveCfg = Debug|Any CPU
		{C914BE10-13CF-4889-8B9F-D3268989CB01}.Debug|Any CPU.Build.0 = Debug|Any CPU
		{C914BE10-13CF-4889-8B9F-D3268989CB01}.Release|Any CPU.ActiveCfg = Release|Any CPU
		{C914BE10-13CF-4889-8B9F-D3268989CB01}.Release|Any CPU.Build.0 = Release|Any CPU
	EndGlobalSection
	GlobalSection(SolutionProperties) = preSolution
		HideSolutionNode = FALSE
	EndGlobalSection
	GlobalSection(ExtensibilityGlobals) = postSolution
		SolutionGuid = {8C52A919-EC26-4FF2-92C2-4534C6E1151A}
	EndGlobalSection
EndGlobal
